{
  "version": 2,
  "dependencies": {
    "net10.0": {
      "FSharp.Core": {
        "type": "Direct",
        "requested": "[10.1.401, )",
        "resolved": "10.1.401",
        "contentHash": "IGqjL9U8pQl7CaCpFP3f5slZMduE8c7ZBx7HycAQ9dc1tawyniNyw7Fh6L2cShIoQDcaDL+S8/kokhWs8WwnBQ=="
      },
      "XParsec": {
        "type": "Transitive",
        "resolved": "0.3.0",
        "contentHash": "BuvuLnPDBH/n43vCyljkX60iZMvUG73k+YV02qJ9+wIp652qz50iz5Fb0uuiIgXyzfN4QtOFr/7KBwRIgC0KeQ==",
        "dependencies": {
          "FSharp.Core": "8.0.300"
        }
      },
      "barewire": {
        "type": "Project",
        "dependencies": {
          "FSharp.Core": "[10.1.401, )"
        }
      },
      "fidelity.data": {
        "type": "Project",
        "dependencies": {
          "FSharp.Core": "[10.1.401, )",
          "XParsec": "[0.3.0, )"
        }
      },
      "fidelity.psg": {
        "type": "Project",
        "dependencies": {
          "BAREWire": "[1.0.0, )",
          "FSharp.Core": "[10.1.401, )"
        }
      }
    }
  }
}